
Microsoft Visual Studio Solution File, Format Version 12.00
# Visual Studio Version 17
VisualStudioVersion = 17.6.33712.159
MinimumVisualStudioVersion = 10.0.40219.1
Project("{FAE04EC0-301F-11D3-BF4B-00C04F79EFBC}") = "Vehicle Control System", "Vehicle Control System.csproj", "{CB9DD4BF-1C00-4E00-B6EA-8D5D6B99135C}"
EndProject
Global
	GlobalSection(SolutionConfigurationPlatforms) = preSolution
		Debug|Any CPU = Debug|Any CPU
		Release|Any CPU = Release|Any CPU
	EndGlobalSection
	GlobalSection(ProjectConfigurationPlatforms) = postSolution
		{CB9DD4BF-1C00-4E00-B6EA-8D5D6B99135C}.Debug|Any CPU.ActiveCfg = Debug|Any CPU
		{CB9DD4BF-1C00-4E00-B6EA-8D5D6B99135C}.Debug|Any CPU.Build.0 = Debug|Any CPU
		{CB9DD4BF-1C00-4E00-B6EA-8D5D6B99135C}.Release|Any CPU.ActiveCfg = Release|Any CPU
		{CB9DD4BF-1C00-4E00-B6EA-8D5D6B99135C}.Release|Any CPU.Build.0 = Release|Any CPU
	EndGlobalSection
	GlobalSection(SolutionProperties) = preSolution
		HideSolutionNode = FALSE
	EndGlobalSection
	GlobalSection(ExtensibilityGlobals) = postSolution
		SolutionGuid = {994CD77B-C414-4BCE-B064-7CF46A20F4F6}
	EndGlobalSection
EndGlobal
